
Microsoft Visual Studio Solution File, Format Version 12.00
# Visual Studio Version 16
VisualStudioVersion = 16.0.30413.136
MinimumVisualStudioVersion = 10.0.40219.1
Project("{9A19103F-16F7-4668-BE54-9A1E7A4F7556}") = "Assignment1", "Assignment1\Assignment1.csproj", "{3709DB40-3F69-4BF9-B5B3-5BD58008FCFF}"
EndProject
Global
	GlobalSection(SolutionConfigurationPlatforms) = preSolution
		Debug|Any CPU = Debug|Any CPU
		Release|Any CPU = Release|Any CPU
	EndGlobalSection
	GlobalSection(ProjectConfigurationPlatforms) = postSolution
		{3709DB40-3F69-4BF9-B5B3-5BD58008FCFF}.Debug|Any CPU.ActiveCfg = Debug|Any CPU
		{3709DB40-3F69-4BF9-B5B3-5BD58008FCFF}.Debug|Any CPU.Build.0 = Debug|Any CPU
		{3709DB40-3F69-4BF9-B5B3-5BD58008FCFF}.Release|Any CPU.ActiveCfg = Release|Any CPU
		{3709DB40-3F69-4BF9-B5B3-5BD58008FCFF}.Release|Any CPU.Build.0 = Release|Any CPU
	EndGlobalSection
	GlobalSection(SolutionProperties) = preSolution
		HideSolutionNode = FALSE
	EndGlobalSection
	GlobalSection(ExtensibilityGlobals) = postSolution
		SolutionGuid = {76226418-A9C8-4DB8-88CC-3FD8518671CC}
	EndGlobalSection
EndGlobal
